{
  "name": "low-code",
  "version": "1.0.0",
  "lockfileVersion": 3,
  "requires": true,
  "packages": {
    "": {
      "name": "low-code",
      "version": "1.0.0",
      "license": "ISC",
      "workspaces": [
        "packages/utils",
        "packages/drag"
      ]
    },
    "node_modules/drag": {
      "resolved": "packages/drag",
      "link": true
    },
    "node_modules/utils": {
      "resolved": "packages/utils",
      "link": true
    },
    "packages/drag": {
      "version": "1.0.0",
      "license": "ISC",
      "devDependencies": {}
    },
    "packages/utils": {
      "version": "1.0.0",
      "license": "ISC"
    }
  }
}
